
Microsoft Visual Studio Solution File, Format Version 12.00
# Visual Studio 15
VisualStudioVersion = 15.0.28307.1433
MinimumVisualStudioVersion = 10.0.40219.1
Project("{FAE04EC0-301F-11D3-BF4B-00C04F79EFBC}") = "01.3PB", "01.3PB\01.3PB.csproj", "{9818B247-BA23-4625-BE7C-1EEE627F6243}"
EndProject
Project("{FAE04EC0-301F-11D3-BF4B-00C04F79EFBC}") = "USD to BGN", "USD to BGN\USD to BGN.csproj", "{918E8E11-36F8-487B-ACDC-0EDF0F0EB05C}"
EndProject
Project("{FAE04EC0-301F-11D3-BF4B-00C04F79EFBC}") = "Radians To Degrees", "Radians To Degrees\Radians To Degrees.csproj", "{D0534F0E-B291-4F24-9501-F86E5FBA280F}"
EndProject
Project("{FAE04EC0-301F-11D3-BF4B-00C04F79EFBC}") = "Deposit Calculator", "Deposit Calculator\Deposit Calculator.csproj", "{C89AF7F0-062B-4212-B530-5CA7C7B68DC5}"
EndProject
Project("{FAE04EC0-301F-11D3-BF4B-00C04F79EFBC}") = "Vacation booka list", "Vacation booka list\Vacation booka list.csproj", "{23679D03-3356-4472-811B-F9043B6FF585}"
EndProject
Project("{FAE04EC0-301F-11D3-BF4B-00C04F79EFBC}") = "Birthday party", "Birthday party\Birthday party.csproj", "{182E3B54-3771-4338-B69E-622D5856AADF}"
EndProject
Project("{FAE04EC0-301F-11D3-BF4B-00C04F79EFBC}") = "Charity Campaign", "Charity Campaign\Charity Campaign.csproj", "{F94C2DD4-BCC3-4B01-A877-D839CD9C11B4}"
EndProject
Project("{FAE04EC0-301F-11D3-BF4B-00C04F79EFBC}") = "Fruit Market", "Fruit Market\Fruit Market.csproj", "{DC086625-D4F4-4536-ADDA-2662EEEA5CC3}"
EndProject
Project("{FAE04EC0-301F-11D3-BF4B-00C04F79EFBC}") = "Fish Tank", "Fish Tank\Fish Tank.csproj", "{86A727F4-626A-4B21-8220-4071C8FA7CEC}"
EndProject
Global
	GlobalSection(SolutionConfigurationPlatforms) = preSolution
		Debug|Any CPU = Debug|Any CPU
		Release|Any CPU = Release|Any CPU
	EndGlobalSection
	GlobalSection(ProjectConfigurationPlatforms) = postSolution
		{9818B247-BA23-4625-BE7C-1EEE627F6243}.Debug|Any CPU.ActiveCfg = Debug|Any CPU
		{9818B247-BA23-4625-BE7C-1EEE627F6243}.Debug|Any CPU.Build.0 = Debug|Any CPU
		{9818B247-BA23-4625-BE7C-1EEE627F6243}.Release|Any CPU.ActiveCfg = Release|Any CPU
		{9818B247-BA23-4625-BE7C-1EEE627F6243}.Release|Any CPU.Build.0 = Release|Any CPU
		{918E8E11-36F8-487B-ACDC-0EDF0F0EB05C}.Debug|Any CPU.ActiveCfg = Debug|Any CPU
		{918E8E11-36F8-487B-ACDC-0EDF0F0EB05C}.Debug|Any CPU.Build.0 = Debug|Any CPU
		{918E8E11-36F8-487B-ACDC-0EDF0F0EB05C}.Release|Any CPU.ActiveCfg = Release|Any CPU
		{918E8E11-36F8-487B-ACDC-0EDF0F0EB05C}.Release|Any CPU.Build.0 = Release|Any CPU
		{D0534F0E-B291-4F24-9501-F86E5FBA280F}.Debug|Any CPU.ActiveCfg = Debug|Any CPU
		{D0534F0E-B291-4F24-9501-F86E5FBA280F}.Debug|Any CPU.Build.0 = Debug|Any CPU
		{D0534F0E-B291-4F24-9501-F86E5FBA280F}.Release|Any CPU.ActiveCfg = Release|Any CPU
		{D0534F0E-B291-4F24-9501-F86E5FBA280F}.Release|Any CPU.Build.0 = Release|Any CPU
		{C89AF7F0-062B-4212-B530-5CA7C7B68DC5}.Debug|Any CPU.ActiveCfg = Debug|Any CPU
		{C89AF7F0-062B-4212-B530-5CA7C7B68DC5}.Debug|Any CPU.Build.0 = Debug|Any CPU
		{C89AF7F0-062B-4212-B530-5CA7C7B68DC5}.Release|Any CPU.ActiveCfg = Release|Any CPU
		{C89AF7F0-062B-4212-B530-5CA7C7B68DC5}.Release|Any CPU.Build.0 = Release|Any CPU
		{23679D03-3356-4472-811B-F9043B6FF585}.Debug|Any CPU.ActiveCfg = Debug|Any CPU
		{23679D03-3356-4472-811B-F9043B6FF585}.Debug|Any CPU.Build.0 = Debug|Any CPU
		{23679D03-3356-4472-811B-F9043B6FF585}.Release|Any CPU.ActiveCfg = Release|Any CPU
		{23679D03-3356-4472-811B-F9043B6FF585}.Release|Any CPU.Build.0 = Release|Any CPU
		{182E3B54-3771-4338-B69E-622D5856AADF}.Debug|Any CPU.ActiveCfg = Debug|Any CPU
		{182E3B54-3771-4338-B69E-622D5856AADF}.Debug|Any CPU.Build.0 = Debug|Any CPU
		{182E3B54-3771-4338-B69E-622D5856AADF}.Release|Any CPU.ActiveCfg = Release|Any CPU
		{182E3B54-3771-4338-B69E-622D5856AADF}.Release|Any CPU.Build.0 = Release|Any CPU
		{F94C2DD4-BCC3-4B01-A877-D839CD9C11B4}.Debug|Any CPU.ActiveCfg = Debug|Any CPU
		{F94C2DD4-BCC3-4B01-A877-D839CD9C11B4}.Debug|Any CPU.Build.0 = Debug|Any CPU
		{F94C2DD4-BCC3-4B01-A877-D839CD9C11B4}.Release|Any CPU.ActiveCfg = Release|Any CPU
		{F94C2DD4-BCC3-4B01-A877-D839CD9C11B4}.Release|Any CPU.Build.0 = Release|Any CPU
		{DC086625-D4F4-4536-ADDA-2662EEEA5CC3}.Debug|Any CPU.ActiveCfg = Debug|Any CPU
		{DC086625-D4F4-4536-ADDA-2662EEEA5CC3}.Debug|Any CPU.Build.0 = Debug|Any CPU
		{DC086625-D4F4-4536-ADDA-2662EEEA5CC3}.Release|Any CPU.ActiveCfg = Release|Any CPU
		{DC086625-D4F4-4536-ADDA-2662EEEA5CC3}.Release|Any CPU.Build.0 = Release|Any CPU
		{86A727F4-626A-4B21-8220-4071C8FA7CEC}.Debug|Any CPU.ActiveCfg = Debug|Any CPU
		{86A727F4-626A-4B21-8220-4071C8FA7CEC}.Debug|Any CPU.Build.0 = Debug|Any CPU
		{86A727F4-626A-4B21-8220-4071C8FA7CEC}.Release|Any CPU.ActiveCfg = Release|Any CPU
		{86A727F4-626A-4B21-8220-4071C8FA7CEC}.Release|Any CPU.Build.0 = Release|Any CPU
	EndGlobalSection
	GlobalSection(SolutionProperties) = preSolution
		HideSolutionNode = FALSE
	EndGlobalSection
	GlobalSection(ExtensibilityGlobals) = postSolution
		SolutionGuid = {BB743EF9-4BF4-4B26-A712-556920C3F620}
	EndGlobalSection
EndGlobal
