
Microsoft Visual Studio Solution File, Format Version 12.00
# Visual Studio 15
VisualStudioVersion = 15.0.28307.1433
MinimumVisualStudioVersion = 10.0.40219.1
Project("{9A19103F-16F7-4668-BE54-9A1E7A4F7556}") = "03.1PB", "03.1PB\03.1PB.csproj", "{613EC5CB-B782-4E73-A83B-15F934D88565}"
EndProject
Project("{9A19103F-16F7-4668-BE54-9A1E7A4F7556}") = "Probi", "Probi\Probi.csproj", "{E943ABD5-5283-4F86-A097-EB95AFE1A2BB}"
EndProject
Project("{9A19103F-16F7-4668-BE54-9A1E7A4F7556}") = "probi-switch", "probi-switch\probi-switch.csproj", "{B44CEAD2-6ACE-4BF8-A33A-7F101044FA05}"
EndProject
Project("{9A19103F-16F7-4668-BE54-9A1E7A4F7556}") = "probi-gender", "probi-gender\probi-gender.csproj", "{1C449E33-BC87-45B6-BDEF-72C695E1FF49}"
EndProject
Project("{9A19103F-16F7-4668-BE54-9A1E7A4F7556}") = "Cyti-shop", "Cyti-shop\Cyti-shop.csproj", "{979C7235-9715-46C3-86BC-9D04873F0688}"
EndProject
Project("{9A19103F-16F7-4668-BE54-9A1E7A4F7556}") = "NumberInRange", "NumberInRange\NumberInRange.csproj", "{A3EF1930-D53D-4E34-BD9A-A401F3E46CC2}"
EndProject
Project("{9A19103F-16F7-4668-BE54-9A1E7A4F7556}") = "DayOfTheWeek", "DayOfTheWeek\DayOfTheWeek.csproj", "{5F3872B1-8D93-4475-844B-232FC119F919}"
EndProject
Project("{9A19103F-16F7-4668-BE54-9A1E7A4F7556}") = "Probi-3", "Probi-3\Probi-3.csproj", "{6A45B96F-A746-4574-887E-3B09C6EE51D9}"
EndProject
Project("{9A19103F-16F7-4668-BE54-9A1E7A4F7556}") = "InvalidNumber", "InvalidNumber\InvalidNumber.csproj", "{51249195-AB8E-4518-B166-AA0FD18009F4}"
EndProject
Project("{9A19103F-16F7-4668-BE54-9A1E7A4F7556}") = "Animal-Type", "Animal-Type\Animal-Type.csproj", "{9045F649-1187-437A-B12A-F0C644E8CFC9}"
EndProject
Project("{9A19103F-16F7-4668-BE54-9A1E7A4F7556}") = "Working-Hours", "Working-Hours\Working-Hours.csproj", "{818BA05B-8585-41BD-B929-AB79C8713347}"
EndProject
Project("{9A19103F-16F7-4668-BE54-9A1E7A4F7556}") = "Fruit-Shop", "Fruit-Shop\Fruit-Shop.csproj", "{86AA69B0-85A2-4A1E-B9C1-F95F6EC9964F}"
EndProject
Project("{FAE04EC0-301F-11D3-BF4B-00C04F79EFBC}") = "Trade-Commissiones", "Trade-Commissiones\Trade-Commissiones.csproj", "{506904DE-E3E2-48A1-81A9-9D8F5AED7046}"
EndProject
Project("{FAE04EC0-301F-11D3-BF4B-00C04F79EFBC}") = "Ski-Trip", "Ski-Trip\Ski-Trip.csproj", "{02469903-CE42-4621-A20E-2B86277C1D89}"
EndProject
Global
	GlobalSection(SolutionConfigurationPlatforms) = preSolution
		Debug|Any CPU = Debug|Any CPU
		Release|Any CPU = Release|Any CPU
	EndGlobalSection
	GlobalSection(ProjectConfigurationPlatforms) = postSolution
		{613EC5CB-B782-4E73-A83B-15F934D88565}.Debug|Any CPU.ActiveCfg = Debug|Any CPU
		{613EC5CB-B782-4E73-A83B-15F934D88565}.Debug|Any CPU.Build.0 = Debug|Any CPU
		{613EC5CB-B782-4E73-A83B-15F934D88565}.Release|Any CPU.ActiveCfg = Release|Any CPU
		{613EC5CB-B782-4E73-A83B-15F934D88565}.Release|Any CPU.Build.0 = Release|Any CPU
		{E943ABD5-5283-4F86-A097-EB95AFE1A2BB}.Debug|Any CPU.ActiveCfg = Debug|Any CPU
		{E943ABD5-5283-4F86-A097-EB95AFE1A2BB}.Debug|Any CPU.Build.0 = Debug|Any CPU
		{E943ABD5-5283-4F86-A097-EB95AFE1A2BB}.Release|Any CPU.ActiveCfg = Release|Any CPU
		{E943ABD5-5283-4F86-A097-EB95AFE1A2BB}.Release|Any CPU.Build.0 = Release|Any CPU
		{B44CEAD2-6ACE-4BF8-A33A-7F101044FA05}.Debug|Any CPU.ActiveCfg = Debug|Any CPU
		{B44CEAD2-6ACE-4BF8-A33A-7F101044FA05}.Debug|Any CPU.Build.0 = Debug|Any CPU
		{B44CEAD2-6ACE-4BF8-A33A-7F101044FA05}.Release|Any CPU.ActiveCfg = Release|Any CPU
		{B44CEAD2-6ACE-4BF8-A33A-7F101044FA05}.Release|Any CPU.Build.0 = Release|Any CPU
		{1C449E33-BC87-45B6-BDEF-72C695E1FF49}.Debug|Any CPU.ActiveCfg = Debug|Any CPU
		{1C449E33-BC87-45B6-BDEF-72C695E1FF49}.Debug|Any CPU.Build.0 = Debug|Any CPU
		{1C449E33-BC87-45B6-BDEF-72C695E1FF49}.Release|Any CPU.ActiveCfg = Release|Any CPU
		{1C449E33-BC87-45B6-BDEF-72C695E1FF49}.Release|Any CPU.Build.0 = Release|Any CPU
		{979C7235-9715-46C3-86BC-9D04873F0688}.Debug|Any CPU.ActiveCfg = Debug|Any CPU
		{979C7235-9715-46C3-86BC-9D04873F0688}.Debug|Any CPU.Build.0 = Debug|Any CPU
		{979C7235-9715-46C3-86BC-9D04873F0688}.Release|Any CPU.ActiveCfg = Release|Any CPU
		{979C7235-9715-46C3-86BC-9D04873F0688}.Release|Any CPU.Build.0 = Release|Any CPU
		{A3EF1930-D53D-4E34-BD9A-A401F3E46CC2}.Debug|Any CPU.ActiveCfg = Debug|Any CPU
		{A3EF1930-D53D-4E34-BD9A-A401F3E46CC2}.Debug|Any CPU.Build.0 = Debug|Any CPU
		{A3EF1930-D53D-4E34-BD9A-A401F3E46CC2}.Release|Any CPU.ActiveCfg = Release|Any CPU
		{A3EF1930-D53D-4E34-BD9A-A401F3E46CC2}.Release|Any CPU.Build.0 = Release|Any CPU
		{5F3872B1-8D93-4475-844B-232FC119F919}.Debug|Any CPU.ActiveCfg = Debug|Any CPU
		{5F3872B1-8D93-4475-844B-232FC119F919}.Debug|Any CPU.Build.0 = Debug|Any CPU
		{5F3872B1-8D93-4475-844B-232FC119F919}.Release|Any CPU.ActiveCfg = Release|Any CPU
		{5F3872B1-8D93-4475-844B-232FC119F919}.Release|Any CPU.Build.0 = Release|Any CPU
		{6A45B96F-A746-4574-887E-3B09C6EE51D9}.Debug|Any CPU.ActiveCfg = Debug|Any CPU
		{6A45B96F-A746-4574-887E-3B09C6EE51D9}.Debug|Any CPU.Build.0 = Debug|Any CPU
		{6A45B96F-A746-4574-887E-3B09C6EE51D9}.Release|Any CPU.ActiveCfg = Release|Any CPU
		{6A45B96F-A746-4574-887E-3B09C6EE51D9}.Release|Any CPU.Build.0 = Release|Any CPU
		{51249195-AB8E-4518-B166-AA0FD18009F4}.Debug|Any CPU.ActiveCfg = Debug|Any CPU
		{51249195-AB8E-4518-B166-AA0FD18009F4}.Debug|Any CPU.Build.0 = Debug|Any CPU
		{51249195-AB8E-4518-B166-AA0FD18009F4}.Release|Any CPU.ActiveCfg = Release|Any CPU
		{51249195-AB8E-4518-B166-AA0FD18009F4}.Release|Any CPU.Build.0 = Release|Any CPU
		{9045F649-1187-437A-B12A-F0C644E8CFC9}.Debug|Any CPU.ActiveCfg = Debug|Any CPU
		{9045F649-1187-437A-B12A-F0C644E8CFC9}.Debug|Any CPU.Build.0 = Debug|Any CPU
		{9045F649-1187-437A-B12A-F0C644E8CFC9}.Release|Any CPU.ActiveCfg = Release|Any CPU
		{9045F649-1187-437A-B12A-F0C644E8CFC9}.Release|Any CPU.Build.0 = Release|Any CPU
		{818BA05B-8585-41BD-B929-AB79C8713347}.Debug|Any CPU.ActiveCfg = Debug|Any CPU
		{818BA05B-8585-41BD-B929-AB79C8713347}.Debug|Any CPU.Build.0 = Debug|Any CPU
		{818BA05B-8585-41BD-B929-AB79C8713347}.Release|Any CPU.ActiveCfg = Release|Any CPU
		{818BA05B-8585-41BD-B929-AB79C8713347}.Release|Any CPU.Build.0 = Release|Any CPU
		{86AA69B0-85A2-4A1E-B9C1-F95F6EC9964F}.Debug|Any CPU.ActiveCfg = Debug|Any CPU
		{86AA69B0-85A2-4A1E-B9C1-F95F6EC9964F}.Debug|Any CPU.Build.0 = Debug|Any CPU
		{86AA69B0-85A2-4A1E-B9C1-F95F6EC9964F}.Release|Any CPU.ActiveCfg = Release|Any CPU
		{86AA69B0-85A2-4A1E-B9C1-F95F6EC9964F}.Release|Any CPU.Build.0 = Release|Any CPU
		{506904DE-E3E2-48A1-81A9-9D8F5AED7046}.Debug|Any CPU.ActiveCfg = Debug|Any CPU
		{506904DE-E3E2-48A1-81A9-9D8F5AED7046}.Debug|Any CPU.Build.0 = Debug|Any CPU
		{506904DE-E3E2-48A1-81A9-9D8F5AED7046}.Release|Any CPU.ActiveCfg = Release|Any CPU
		{506904DE-E3E2-48A1-81A9-9D8F5AED7046}.Release|Any CPU.Build.0 = Release|Any CPU
		{02469903-CE42-4621-A20E-2B86277C1D89}.Debug|Any CPU.ActiveCfg = Debug|Any CPU
		{02469903-CE42-4621-A20E-2B86277C1D89}.Debug|Any CPU.Build.0 = Debug|Any CPU
		{02469903-CE42-4621-A20E-2B86277C1D89}.Release|Any CPU.ActiveCfg = Release|Any CPU
		{02469903-CE42-4621-A20E-2B86277C1D89}.Release|Any CPU.Build.0 = Release|Any CPU
	EndGlobalSection
	GlobalSection(SolutionProperties) = preSolution
		HideSolutionNode = FALSE
	EndGlobalSection
	GlobalSection(ExtensibilityGlobals) = postSolution
		SolutionGuid = {2C0C0389-4927-46B5-986E-DCC47112AC2C}
	EndGlobalSection
EndGlobal
